
Microsoft Visual Studio Solution File, Format Version 12.00
# Visual Studio Version 16
VisualStudioVersion = 16.0.31005.135
MinimumVisualStudioVersion = 10.0.40219.1
Project("{FAE04EC0-301F-11D3-BF4B-00C04F79EFBC}") = "Rodionov Investments", "Rodionov Investments\Rodionov Investments.csproj", "{D32E8DEB-8778-411A-ACDE-35A053455F0B}"
EndProject
Global
	GlobalSection(SolutionConfigurationPlatforms) = preSolution
		Debug|Any CPU = Debug|Any CPU
		Release|Any CPU = Release|Any CPU
	EndGlobalSection
	GlobalSection(ProjectConfigurationPlatforms) = postSolution
		{D32E8DEB-8778-411A-ACDE-35A053455F0B}.Debug|Any CPU.ActiveCfg = Debug|Any CPU
		{D32E8DEB-8778-411A-ACDE-35A053455F0B}.Debug|Any CPU.Build.0 = Debug|Any CPU
		{D32E8DEB-8778-411A-ACDE-35A053455F0B}.Release|Any CPU.ActiveCfg = Release|Any CPU
		{D32E8DEB-8778-411A-ACDE-35A053455F0B}.Release|Any CPU.Build.0 = Release|Any CPU
	EndGlobalSection
	GlobalSection(SolutionProperties) = preSolution
		HideSolutionNode = FALSE
	EndGlobalSection
	GlobalSection(ExtensibilityGlobals) = postSolution
		SolutionGuid = {8398769A-879D-4242-ACD6-78FB0F6C2D56}
	EndGlobalSection
EndGlobal
